dependencies:
- name: cert-manager
  repository: https://charts.jetstack.io/
  version: v0.10.1
- name: prometheus
  repository: https://kubernetes-charts.storage.googleapis.com/
  version: 10.0.0
- name: postgresql
  repository: https://charts.bitnami.com/bitnami
  version: 7.7.3
- name: gitlab-runner
  repository: https://charts.gitlab.io/
  version: 0.16.1
- name: grafana
  repository: https://kubernetes-charts.storage.googleapis.com/
  version: 4.0.1
- name: redis
  repository: https://charts.bitnami.com/bitnami
  version: 10.3.4
digest: sha256:ed990db269106163cd6f3eea5244f143b775df23e0b443070643aaefe2a1cd06
generated: "2020-07-06T22:19:08.205786504Z"
