dependencies:
- name: cert-manager
  repository: https://charts.jetstack.io/
  version: v0.10.1
- name: prometheus
  repository: https://kubernetes-charts.storage.googleapis.com/
  version: 9.0.0
- name: postgresql
  repository: https://kubernetes-charts.storage.googleapis.com/
  version: 0.12.0
- name: gitlab-runner
  repository: https://charts.gitlab.io/
  version: 0.11.0
- name: grafana
  repository: https://kubernetes-charts.storage.googleapis.com/
  version: 4.0.1
digest: sha256:b3788bed533cc42c5bc0ab5adb245988e4eaa6023ae70b9bf1da5813162b74bd
generated: "2019-12-22T13:45:36.098399936Z"
